
Microsoft Visual Studio Solution File, Format Version 11.00
# Visual Studio 2010
Project("{FAE04EC0-301F-11D3-BF4B-00C04F79EFBC}") = "Assembly-CSharp", "Assembly-CSharp.csproj", "{2B065D79-4879-221C-0AD0-4078C75F545D}"
EndProject
Project("{FAE04EC0-301F-11D3-BF4B-00C04F79EFBC}") = "Assembly-CSharp-Editor", "Assembly-CSharp-Editor.csproj", "{519AB1C2-6B08-8F84-B8EA-25E0983DDF79}"
EndProject
Global
	GlobalSection(SolutionConfigurationPlatforms) = preSolution
		Debug|Any CPU = Debug|Any CPU
		Release|Any CPU = Release|Any CPU
	EndGlobalSection
	GlobalSection(ProjectConfigurationPlatforms) = postSolution
		{2B065D79-4879-221C-0AD0-4078C75F545D}.Debug|Any CPU.ActiveCfg = Debug|Any CPU
		{2B065D79-4879-221C-0AD0-4078C75F545D}.Debug|Any CPU.Build.0 = Debug|Any CPU
		{2B065D79-4879-221C-0AD0-4078C75F545D}.Release|Any CPU.ActiveCfg = Release|Any CPU
		{2B065D79-4879-221C-0AD0-4078C75F545D}.Release|Any CPU.Build.0 = Release|Any CPU
		{519AB1C2-6B08-8F84-B8EA-25E0983DDF79}.Debug|Any CPU.ActiveCfg = Debug|Any CPU
		{519AB1C2-6B08-8F84-B8EA-25E0983DDF79}.Debug|Any CPU.Build.0 = Debug|Any CPU
		{519AB1C2-6B08-8F84-B8EA-25E0983DDF79}.Release|Any CPU.ActiveCfg = Release|Any CPU
		{519AB1C2-6B08-8F84-B8EA-25E0983DDF79}.Release|Any CPU.Build.0 = Release|Any CPU
	EndGlobalSection
	GlobalSection(SolutionProperties) = preSolution
		HideSolutionNode = FALSE
	EndGlobalSection
	GlobalSection(MonoDevelopProperties) = preSolution
		StartupItem = Assembly-CSharp.csproj
	EndGlobalSection
EndGlobal
